
Microsoft Visual Studio Solution File, Format Version 11.00
# Visual Studio 2010
# SharpDevelop 5.1
Project("{FAE04EC0-301F-11D3-BF4B-00C04F79EFBC}") = "ejercicio1", "ejercicio1.csproj", "{FC49652E-F694-47C5-824E-9294B28B3874}"
EndProject
Project("{FAE04EC0-301F-11D3-BF4B-00C04F79EFBC}") = "ejercicio2", "..\ejercicio2\ejercicio2.csproj", "{76321653-89AA-4287-854E-E13451FC6B6C}"
EndProject
Global
	GlobalSection(SolutionConfigurationPlatforms) = preSolution
		Debug|Any CPU = Debug|Any CPU
		Release|Any CPU = Release|Any CPU
	EndGlobalSection
	GlobalSection(ProjectConfigurationPlatforms) = postSolution
		{FC49652E-F694-47C5-824E-9294B28B3874}.Debug|Any CPU.ActiveCfg = Debug|Any CPU
		{FC49652E-F694-47C5-824E-9294B28B3874}.Debug|Any CPU.Build.0 = Debug|Any CPU
		{FC49652E-F694-47C5-824E-9294B28B3874}.Release|Any CPU.ActiveCfg = Release|Any CPU
		{FC49652E-F694-47C5-824E-9294B28B3874}.Release|Any CPU.Build.0 = Release|Any CPU
		{76321653-89AA-4287-854E-E13451FC6B6C}.Debug|Any CPU.ActiveCfg = Debug|Any CPU
		{76321653-89AA-4287-854E-E13451FC6B6C}.Debug|Any CPU.Build.0 = Debug|Any CPU
		{76321653-89AA-4287-854E-E13451FC6B6C}.Release|Any CPU.ActiveCfg = Release|Any CPU
		{76321653-89AA-4287-854E-E13451FC6B6C}.Release|Any CPU.Build.0 = Release|Any CPU
	EndGlobalSection
EndGlobal
